// !$*UTF8*$!
{
	archiveVersion = 1;
	classes = {
	};
	objectVersion = 55;
	objects = {

/* Begin PBXBuildFile section */
		287DEB6F27CC8CD4003618D7 /* AppDelegate.swift in Sources */ = {isa = PBXBuildFile; fileRef = 287DEB6E27CC8CD4003618D7 /* AppDelegate.swift */; };
		287DEB7127CC8CD4003618D7 /* SceneDelegate.swift in Sources */ = {isa = PBXBuildFile; fileRef = 287DEB7027CC8CD4003618D7 /* SceneDelegate.swift */; };
		287DEB7327CC8CD4003618D7 /* ViewController.swift in Sources */ = {isa = PBXBuildFile; fileRef = 287DEB7227CC8CD4003618D7 /* ViewController.swift */; };
		287DEB7627CC8CD4003618D7 /* Main.storyboard in Resources */ = {isa = PBXBuildFile; fileRef = 287DEB7427CC8CD4003618D7 /* Main.storyboard */; };
		287DEB7827CC8CD6003618D7 /* Assets.xcassets in Resources */ = {isa = PBXBuildFile; fileRef = 287DEB7727CC8CD6003618D7 /* Assets.xcassets */; };
		287DEB7B27CC8CD6003618D7 /* LaunchScreen.storyboard in Resources */ = {isa = PBXBuildFile; fileRef = 287DEB7927CC8CD6003618D7 /* LaunchScreen.storyboard */; };
		287DEB8627CC8CD6003618D7 /* POPTableTests.swift in Sources */ = {isa = PBXBuildFile; fileRef = 287DEB8527CC8CD6003618D7 /* POPTableTests.swift */; };
		287DEB9027CC8CD6003618D7 /* POPTableUITests.swift in Sources */ = {isa = PBXBuildFile; fileRef = 287DEB8F27CC8CD6003618D7 /* POPTableUITests.swift */; };
		287DEB9227CC8CD6003618D7 /* POPTableUITestsLaunchTests.swift in Sources */ = {isa = PBXBuildFile; fileRef = 287DEB9127CC8CD6003618D7 /* POPTableUITestsLaunchTests.swift */; };
		287DEB9F27CC92AF003618D7 /* MovieTableViewCell.swift in Sources */ = {isa = PBXBuildFile; fileRef = 287DEB9E27CC92AF003618D7 /* MovieTableViewCell.swift */; };
/* End PBXBuildFile section */

/* Begin PBXContainerItemProxy section */
		287DEB8227CC8CD6003618D7 /* PBXContainerItemProxy */ = {
			isa = PBXContainerItemProxy;
			containerPortal = 287DEB6327CC8CD4003618D7 /* Project object */;
			proxyType = 1;
			remoteGlobalIDString = 287DEB6A27CC8CD4003618D7;
			remoteInfo = POPTable;
		};
		287DEB8C27CC8CD6003618D7 /* PBXContainerItemProxy */ = {
			isa = PBXContainerItemProxy;
			containerPortal = 287DEB6327CC8CD4003618D7 /* Project object */;
			proxyType = 1;
			remoteGlobalIDString = 287DEB6A27CC8CD4003618D7;
			remoteInfo = POPTable;
		};
/* End PBXContainerItemProxy section */

/* Begin PBXFileReference section */
		287DEB6B27CC8CD4003618D7 /* POPTable.app */ = {isa = PBXFileReference; explicitFileType = wrapper.application; includeInIndex = 0; path = POPTable.app; sourceTree = BUILT_PRODUCTS_DIR; };
		287DEB6E27CC8CD4003618D7 /* AppDelegate.swift */ = {isa = PBXFileReference; lastKnownFileType = sourcecode.swift; path = AppDelegate.swift; sourceTree = "<group>"; };
		287DEB7027CC8CD4003618D7 /* SceneDelegate.swift */ = {isa = PBXFileReference; lastKnownFileType = sourcecode.swift; path = SceneDelegate.swift; sourceTree = "<group>"; };
		287DEB7227CC8CD4003618D7 /* ViewController.swift */ = {isa = PBXFileReference; lastKnownFileType = sourcecode.swift; path = ViewController.swift; sourceTree = "<group>"; };
		287DEB7527CC8CD4003618D7 /* Base */ = {isa = PBXFileReference; lastKnownFileType = file.storyboard; name = Base; path = Base.lproj/Main.storyboard; sourceTree = "<group>"; };
		287DEB7727CC8CD6003618D7 /* Assets.xcassets */ = {isa = PBXFileReference; lastKnownFileType = folder.assetcatalog; path = Assets.xcassets; sourceTree = "<group>"; };
		287DEB7A27CC8CD6003618D7 /* Base */ = {isa = PBXFileReference; lastKnownFileType = file.storyboard; name = Base; path = Base.lproj/LaunchScreen.storyboard; sourceTree = "<group>"; };
		287DEB7C27CC8CD6003618D7 /* Info.plist */ = {isa = PBXFileReference; lastKnownFileType = text.plist.xml; path = Info.plist; sourceTree = "<group>"; };
		287DEB8127CC8CD6003618D7 /* POPTableTests.xctest */ = {isa = PBXFileReference; explicitFileType = wrapper.cfbundle; includeInIndex = 0; path = POPTableTests.xctest; sourceTree = BUILT_PRODUCTS_DIR; };
		287DEB8527CC8CD6003618D7 /* POPTableTests.swift */ = {isa = PBXFileReference; lastKnownFileType = sourcecode.swift; path = POPTableTests.swift; sourceTree = "<group>"; };
		287DEB8B27CC8CD6003618D7 /* POPTableUITests.xctest */ = {isa = PBXFileReference; explicitFileType = wrapper.cfbundle; includeInIndex = 0; path = POPTableUITests.xctest; sourceTree = BUILT_PRODUCTS_DIR; };
		287DEB8F27CC8CD6003618D7 /* POPTableUITests.swift */ = {isa = PBXFileReference; lastKnownFileType = sourcecode.swift; path = POPTableUITests.swift; sourceTree = "<group>"; };
		287DEB9127CC8CD6003618D7 /* POPTableUITestsLaunchTests.swift */ = {isa = PBXFileReference; lastKnownFileType = sourcecode.swift; path = POPTableUITestsLaunchTests.swift; sourceTree = "<group>"; };
		287DEB9E27CC92AF003618D7 /* MovieTableViewCell.swift */ = {isa = PBXFileReference; lastKnownFileType = sourcecode.swift; path = MovieTableViewCell.swift; sourceTree = "<group>"; };
/* End PBXFileReference section */

/* Begin PBXFrameworksBuildPhase section */
		287DEB6827CC8CD4003618D7 /* Frameworks */ = {
			isa = PBXFrameworksBuildPhase;
			buildActionMask = 2147483647;
			files = (
			);
			runOnlyForDeploymentPostprocessing = 0;
		};
		287DEB7E27CC8CD6003618D7 /* Frameworks */ = {
			isa = PBXFrameworksBuildPhase;
			buildActionMask = 2147483647;
			files = (
			);
			runOnlyForDeploymentPostprocessing = 0;
		};
		287DEB8827CC8CD6003618D7 /* Frameworks */ = {
			isa = PBXFrameworksBuildPhase;
			buildActionMask = 2147483647;
			files = (
			);
			runOnlyForDeploymentPostprocessing = 0;
		};
/* End PBXFrameworksBuildPhase section */

/* Begin PBXGroup section */
		287DEB6227CC8CD4003618D7 = {
			isa = PBXGroup;
			children = (
				287DEB6D27CC8CD4003618D7 /* POPTable */,
				287DEB8427CC8CD6003618D7 /* POPTableTests */,
				287DEB8E27CC8CD6003618D7 /* POPTableUITests */,
				287DEB6C27CC8CD4003618D7 /* Products */,
			);
			sourceTree = "<group>";
		};
		287DEB6C27CC8CD4003618D7 /* Products */ = {
			isa = PBXGroup;
			children = (
				287DEB6B27CC8CD4003618D7 /* POPTable.app */,
				287DEB8127CC8CD6003618D7 /* POPTableTests.xctest */,
				287DEB8B27CC8CD6003618D7 /* POPTableUITests.xctest */,
			);
			name = Products;
			sourceTree = "<group>";
		};
		287DEB6D27CC8CD4003618D7 /* POPTable */ = {
			isa = PBXGroup;
			children = (
				287DEBA027CCC0AE003618D7 /* Remote */,
				287DEB6E27CC8CD4003618D7 /* AppDelegate.swift */,
				287DEB7027CC8CD4003618D7 /* SceneDelegate.swift */,
				287DEB7227CC8CD4003618D7 /* ViewController.swift */,
				287DEB7427CC8CD4003618D7 /* Main.storyboard */,
				287DEB7727CC8CD6003618D7 /* Assets.xcassets */,
				287DEB7927CC8CD6003618D7 /* LaunchScreen.storyboard */,
				287DEB7C27CC8CD6003618D7 /* Info.plist */,
				287DEB9E27CC92AF003618D7 /* MovieTableViewCell.swift */,
			);
			path = POPTable;
			sourceTree = "<group>";
		};
		287DEB8427CC8CD6003618D7 /* POPTableTests */ = {
			isa = PBXGroup;
			children = (
				287DEB8527CC8CD6003618D7 /* POPTableTests.swift */,
			);
			path = POPTableTests;
			sourceTree = "<group>";
		};
		287DEB8E27CC8CD6003618D7 /* POPTableUITests */ = {
			isa = PBXGroup;
			children = (
				287DEB8F27CC8CD6003618D7 /* POPTableUITests.swift */,
				287DEB9127CC8CD6003618D7 /* POPTableUITestsLaunchTests.swift */,
			);
			path = POPTableUITests;
			sourceTree = "<group>";
		};
		287DEBA027CCC0AE003618D7 /* Remote */ = {
			isa = PBXGroup;
			children = (
			);
			path = Remote;
			sourceTree = "<group>";
		};
/* End PBXGroup section */

/* Begin PBXNativeTarget section */
		287DEB6A27CC8CD4003618D7 /* POPTable */ = {
			isa = PBXNativeTarget;
			buildConfigurationList = 287DEB9527CC8CD6003618D7 /* Build configuration list for PBXNativeTarget "POPTable" */;
			buildPhases = (
				287DEB6727CC8CD4003618D7 /* Sources */,
				287DEB6827CC8CD4003618D7 /* Frameworks */,
				287DEB6927CC8CD4003618D7 /* Resources */,
			);
			buildRules = (
			);
			dependencies = (
			);
			name = POPTable;
			productName = POPTable;
			productReference = 287DEB6B27CC8CD4003618D7 /* POPTable.app */;
			productType = "com.apple.product-type.application";
		};
		287DEB8027CC8CD6003618D7 /* POPTableTests */ = {
			isa = PBXNativeTarget;
			buildConfigurationList = 287DEB9827CC8CD6003618D7 /* Build configuration list for PBXNativeTarget "POPTableTests" */;
			buildPhases = (
				287DEB7D27CC8CD6003618D7 /* Sources */,
				287DEB7E27CC8CD6003618D7 /* Frameworks */,
				287DEB7F27CC8CD6003618D7 /* Resources */,
			);
			buildRules = (
			);
			dependencies = (
				287DEB8327CC8CD6003618D7 /* PBXTargetDependency */,
			);
			name = POPTableTests;
			productName = POPTableTests;
			productReference = 287DEB8127CC8CD6003618D7 /* POPTableTests.xctest */;
			productType = "com.apple.product-type.bundle.unit-test";
		};
		287DEB8A27CC8CD6003618D7 /* POPTableUITests */ = {
			isa = PBXNativeTarget;
			buildConfigurationList = 287DEB9B27CC8CD6003618D7 /* Build configuration list for PBXNativeTarget "POPTableUITests" */;
			buildPhases = (
				287DEB8727CC8CD6003618D7 /* Sources */,
				287DEB8827CC8CD6003618D7 /* Frameworks */,
				287DEB8927CC8CD6003618D7 /* Resources */,
			);
			buildRules = (
			);
			dependencies = (
				287DEB8D27CC8CD6003618D7 /* PBXTargetDependency */,
			);
			name = POPTableUITests;
			productName = POPTableUITests;
			productReference = 287DEB8B27CC8CD6003618D7 /* POPTableUITests.xctest */;
			productType = "com.apple.product-type.bundle.ui-testing";
		};
/* End PBXNativeTarget section */

/* Begin PBXProject section */
		287DEB6327CC8CD4003618D7 /* Project object */ = {
			isa = PBXProject;
			attributes = {
				BuildIndependentTargetsInParallel = 1;
				LastSwiftUpdateCheck = 1320;
				LastUpgradeCheck = 1320;
				TargetAttributes = {
					287DEB6A27CC8CD4003618D7 = {
						CreatedOnToolsVersion = 13.2.1;
					};
					287DEB8027CC8CD6003618D7 = {
						CreatedOnToolsVersion = 13.2.1;
						TestTargetID = 287DEB6A27CC8CD4003618D7;
					};
					287DEB8A27CC8CD6003618D7 = {
						CreatedOnToolsVersion = 13.2.1;
						TestTargetID = 287DEB6A27CC8CD4003618D7;
					};
				};
			};
			buildConfigurationList = 287DEB6627CC8CD4003618D7 /* Build configuration list for PBXProject "POPTable" */;
			compatibilityVersion = "Xcode 13.0";
			developmentRegion = en;
			hasScannedForEncodings = 0;
			knownRegions = (
				en,
				Base,
			);
			mainGroup = 287DEB6227CC8CD4003618D7;
			productRefGroup = 287DEB6C27CC8CD4003618D7 /* Products */;
			projectDirPath = "";
			projectRoot = "";
			targets = (
				287DEB6A27CC8CD4003618D7 /* POPTable */,
				287DEB8027CC8CD6003618D7 /* POPTableTests */,
				287DEB8A27CC8CD6003618D7 /* POPTableUITests */,
			);
		};
/* End PBXProject section */

/* Begin PBXResourcesBuildPhase section */
		287DEB6927CC8CD4003618D7 /* Resources */ = {
			isa = PBXResourcesBuildPhase;
			buildActionMask = 2147483647;
			files = (
				287DEB7B27CC8CD6003618D7 /* LaunchScreen.storyboard in Resources */,
				287DEB7827CC8CD6003618D7 /* Assets.xcassets in Resources */,
				287DEB7627CC8CD4003618D7 /* Main.storyboard in Resources */,
			);
			runOnlyForDeploymentPostprocessing = 0;
		};
		287DEB7F27CC8CD6003618D7 /* Resources */ = {
			isa = PBXResourcesBuildPhase;
			buildActionMask = 2147483647;
			files = (
			);
			runOnlyForDeploymentPostprocessing = 0;
		};
		287DEB8927CC8CD6003618D7 /* Resources */ = {
			isa = PBXResourcesBuildPhase;
			buildActionMask = 2147483647;
			files = (
			);
			runOnlyForDeploymentPostprocessing = 0;
		};
/* End PBXResourcesBuildPhase section */

/* Begin PBXSourcesBuildPhase section */
		287DEB6727CC8CD4003618D7 /* Sources */ = {
			isa = PBXSourcesBuildPhase;
			buildActionMask = 2147483647;
			files = (
				287DEB7327CC8CD4003618D7 /* ViewController.swift in Sources */,
				287DEB9F27CC92AF003618D7 /* MovieTableViewCell.swift in Sources */,
				287DEB6F27CC8CD4003618D7 /* AppDelegate.swift in Sources */,
				287DEB7127CC8CD4003618D7 /* SceneDelegate.swift in Sources */,
			);
			runOnlyForDeploymentPostprocessing = 0;
		};
		287DEB7D27CC8CD6003618D7 /* Sources */ = {
			isa = PBXSourcesBuildPhase;
			buildActionMask = 2147483647;
			files = (
				287DEB8627CC8CD6003618D7 /* POPTableTests.swift in Sources */,
			);
			runOnlyForDeploymentPostprocessing = 0;
		};
		287DEB8727CC8CD6003618D7 /* Sources */ = {
			isa = PBXSourcesBuildPhase;
			buildActionMask = 2147483647;
			files = (
				287DEB9227CC8CD6003618D7 /* POPTableUITestsLaunchTests.swift in Sources */,
				287DEB9027CC8CD6003618D7 /* POPTableUITests.swift in Sources */,
			);
			runOnlyForDeploymentPostprocessing = 0;
		};
/* End PBXSourcesBuildPhase section */

/* Begin PBXTargetDependency section */
		287DEB8327CC8CD6003618D7 /* PBXTargetDependency */ = {
			isa = PBXTargetDependency;
			target = 287DEB6A27CC8CD4003618D7 /* POPTable */;
			targetProxy = 287DEB8227CC8CD6003618D7 /* PBXContainerItemProxy */;
		};
		287DEB8D27CC8CD6003618D7 /* PBXTargetDependency */ = {
			isa = PBXTargetDependency;
			target = 287DEB6A27CC8CD4003618D7 /* POPTable */;
			targetProxy = 287DEB8C27CC8CD6003618D7 /* PBXContainerItemProxy */;
		};
/* End PBXTargetDependency section */

/* Begin PBXVariantGroup section */
		287DEB7427CC8CD4003618D7 /* Main.storyboard */ = {
			isa = PBXVariantGroup;
			children = (
				287DEB7527CC8CD4003618D7 /* Base */,
			);
			name = Main.storyboard;
			sourceTree = "<group>";
		};
		287DEB7927CC8CD6003618D7 /* LaunchScreen.storyboard */ = {
			isa = PBXVariantGroup;
			children = (
				287DEB7A27CC8CD6003618D7 /* Base */,
			);
			name = LaunchScreen.storyboard;
			sourceTree = "<group>";
		};
/* End PBXVariantGroup section */

/* Begin XCBuildConfiguration section */
		287DEB9327CC8CD6003618D7 /* Debug */ = {
			isa = XCBuildConfiguration;
			buildSettings = {
				ALWAYS_SEARCH_USER_PATHS = NO;
				CLANG_ANALYZER_NONNULL = YES;
				CLANG_ANALYZER_NUMBER_OBJECT_CONVERSION = YES_AGGRESSIVE;
				CLANG_CXX_LANGUAGE_STANDARD = "gnu++17";
				CLANG_CXX_LIBRARY = "libc++";
				CLANG_ENABLE_MODULES = YES;
				CLANG_ENABLE_OBJC_ARC = YES;
				CLANG_ENABLE_OBJC_WEAK = YES;
				CLANG_WARN_BLOCK_CAPTURE_AUTORELEASING = YES;
				CLANG_WARN_BOOL_CONVERSION = YES;
				CLANG_WARN_COMMA = YES;
				CLANG_WARN_CONSTANT_CONVERSION = YES;
				CLANG_WARN_DEPRECATED_OBJC_IMPLEMENTATIONS = YES;
				CLANG_WARN_DIRECT_OBJC_ISA_USAGE = YES_ERROR;
				CLANG_WARN_DOCUMENTATION_COMMENTS = YES;
				CLANG_WARN_EMPTY_BODY = YES;
				CLANG_WARN_ENUM_CONVERSION = YES;
				CLANG_WARN_INFINITE_RECURSION = YES;
				CLANG_WARN_INT_CONVERSION = YES;
				CLANG_WARN_NON_LITERAL_NULL_CONVERSION = YES;
				CLANG_WARN_OBJC_IMPLICIT_RETAIN_SELF = YES;
				CLANG_WARN_OBJC_LITERAL_CONVERSION = YES;
				CLANG_WARN_OBJC_ROOT_CLASS = YES_ERROR;
				CLANG_WARN_QUOTED_INCLUDE_IN_FRAMEWORK_HEADER = YES;
				CLANG_WARN_RANGE_LOOP_ANALYSIS = YES;
				CLANG_WARN_STRICT_PROTOTYPES = YES;
				CLANG_WARN_SUSPICIOUS_MOVE = YES;
				CLANG_WARN_UNGUARDED_AVAILABILITY = YES_AGGRESSIVE;
				CLANG_WARN_UNREACHABLE_CODE = YES;
				CLANG_WARN__DUPLICATE_METHOD_MATCH = YES;
				COPY_PHASE_STRIP = NO;
				DEBUG_INFORMATION_FORMAT = dwarf;
				ENABLE_STRICT_OBJC_MSGSEND = YES;
				ENABLE_TESTABILITY = YES;
				GCC_C_LANGUAGE_STANDARD = gnu11;
				GCC_DYNAMIC_NO_PIC = NO;
				GCC_NO_COMMON_BLOCKS = YES;
				GCC_OPTIMIZATION_LEVEL = 0;
				GCC_PREPROCESSOR_DEFINITIONS = (
					"DEBUG=1",
					"$(inherited)",
				);
				GCC_WARN_64_TO_32_BIT_CONVERSION = YES;
				GCC_WARN_ABOUT_RETURN_TYPE = YES_ERROR;
				GCC_WARN_UNDECLARED_SELECTOR = YES;
				GCC_WARN_UNINITIALIZED_AUTOS = YES_AGGRESSIVE;
				GCC_WARN_UNUSED_FUNCTION = YES;
				GCC_WARN_UNUSED_VARIABLE = YES;
				IPHONEOS_DEPLOYMENT_TARGET = 15.2;
				MTL_ENABLE_DEBUG_INFO = INCLUDE_SOURCE;
				MTL_FAST_MATH = YES;
				ONLY_ACTIVE_ARCH = YES;
				SDKROOT = iphoneos;
				SWIFT_ACTIVE_COMPILATION_CONDITIONS = DEBUG;
				SWIFT_OPTIMIZATION_LEVEL = "-Onone";
			};
			name = Debug;
		};
		287DEB9427CC8CD6003618D7 /* Release */ = {
			isa = XCBuildConfiguration;
			buildSettings = {
				ALWAYS_SEARCH_USER_PATHS = NO;
				CLANG_ANALYZER_NONNULL = YES;
				CLANG_ANALYZER_NUMBER_OBJECT_CONVERSION = YES_AGGRESSIVE;
				CLANG_CXX_LANGUAGE_STANDARD = "gnu++17";
				CLANG_CXX_LIBRARY = "libc++";
				CLANG_ENABLE_MODULES = YES;
				CLANG_ENABLE_OBJC_ARC = YES;
				CLANG_ENABLE_OBJC_WEAK = YES;
				CLANG_WARN_BLOCK_CAPTURE_AUTORELEASING = YES;
				CLANG_WARN_BOOL_CONVERSION = YES;
				CLANG_WARN_COMMA = YES;
				CLANG_WARN_CONSTANT_CONVERSION = YES;
				CLANG_WARN_DEPRECATED_OBJC_IMPLEMENTATIONS = YES;
				CLANG_WARN_DIRECT_OBJC_ISA_USAGE = YES_ERROR;
				CLANG_WARN_DOCUMENTATION_COMMENTS = YES;
				CLANG_WARN_EMPTY_BODY = YES;
				CLANG_WARN_ENUM_CONVERSION = YES;
				CLANG_WARN_INFINITE_RECURSION = YES;
				CLANG_WARN_INT_CONVERSION = YES;
				CLANG_WARN_NON_LITERAL_NULL_CONVERSION = YES;
				CLANG_WARN_OBJC_IMPLICIT_RETAIN_SELF = YES;
				CLANG_WARN_OBJC_LITERAL_CONVERSION = YES;
				CLANG_WARN_OBJC_ROOT_CLASS = YES_ERROR;
				CLANG_WARN_QUOTED_INCLUDE_IN_FRAMEWORK_HEADER = YES;
				CLANG_WARN_RANGE_LOOP_ANALYSIS = YES;
				CLANG_WARN_STRICT_PROTOTYPES = YES;
				CLANG_WARN_SUSPICIOUS_MOVE = YES;
				CLANG_WARN_UNGUARDED_AVAILABILITY = YES_AGGRESSIVE;
				CLANG_WARN_UNREACHABLE_CODE = YES;
				CLANG_WARN__DUPLICATE_METHOD_MATCH = YES;
				COPY_PHASE_STRIP = NO;
				DEBUG_INFORMATION_FORMAT = "dwarf-with-dsym";
				ENABLE_NS_ASSERTIONS = NO;
				ENABLE_STRICT_OBJC_MSGSEND = YES;
				GCC_C_LANGUAGE_STANDARD = gnu11;
				GCC_NO_COMMON_BLOCKS = YES;
				GCC_WARN_64_TO_32_BIT_CONVERSION = YES;
				GCC_WARN_ABOUT_RETURN_TYPE = YES_ERROR;
				GCC_WARN_UNDECLARED_SELECTOR = YES;
				GCC_WARN_UNINITIALIZED_AUTOS = YES_AGGRESSIVE;
				GCC_WARN_UNUSED_FUNCTION = YES;
				GCC_WARN_UNUSED_VARIABLE = YES;
				IPHONEOS_DEPLOYMENT_TARGET = 15.2;
				MTL_ENABLE_DEBUG_INFO = NO;
				MTL_FAST_MATH = YES;
				SDKROOT = iphoneos;
				SWIFT_COMPILATION_MODE = wholemodule;
				SWIFT_OPTIMIZATION_LEVEL = "-O";
				VALIDATE_PRODUCT = YES;
			};
			name = Release;
		};
		287DEB9627CC8CD6003618D7 /* Debug */ = {
			isa = XCBuildConfiguration;
			buildSettings = {
				ASSETCATALOG_COMPILER_APPICON_NAME = AppIcon;
				ASSETCATALOG_COMPILER_GLOBAL_ACCENT_COLOR_NAME = AccentColor;
				CODE_SIGN_STYLE = Automatic;
				CURRENT_PROJECT_VERSION = 1;
				GENERATE_INFOPLIST_FILE = YES;
				INFOPLIST_FILE = POPTable/Info.plist;
				INFOPLIST_KEY_UIApplicationSupportsIndirectInputEvents = YES;
				INFOPLIST_KEY_UILaunchStoryboardName = LaunchScreen;
				INFOPLIST_KEY_UIMainStoryboardFile = Main;
				INFOPLIST_KEY_UISupportedInterfaceOrientations_iPad = "UIInterfaceOrientationPortrait UIInterfaceOrientationPortraitUpsideDown UIInterfaceOrientationLandscapeLeft UIInterfaceOrientationLandscapeRight";
				INFOPLIST_KEY_UISupportedInterfaceOrientations_iPhone = "UIInterfaceOrientationPortrait UIInterfaceOrientationLandscapeLeft UIInterfaceOrientationLandscapeRight";
				LD_RUNPATH_SEARCH_PATHS = (
					"$(inherited)",
					"@executable_path/Frameworks",
				);
				MARKETING_VERSION = 1.0;
				PRODUCT_BUNDLE_IDENTIFIER = com.swiftseries.POPTable;
				PRODUCT_NAME = "$(TARGET_NAME)";
				SWIFT_EMIT_LOC_STRINGS = YES;
				SWIFT_VERSION = 5.0;
				TARGETED_DEVICE_FAMILY = "1,2";
			};
			name = Debug;
		};
		287DEB9727CC8CD6003618D7 /* Release */ = {
			isa = XCBuildConfiguration;
			buildSettings = {
				ASSETCATALOG_COMPILER_APPICON_NAME = AppIcon;
				ASSETCATALOG_COMPILER_GLOBAL_ACCENT_COLOR_NAME = AccentColor;
				CODE_SIGN_STYLE = Automatic;
				CURRENT_PROJECT_VERSION = 1;
				GENERATE_INFOPLIST_FILE = YES;
				INFOPLIST_FILE = POPTable/Info.plist;
				INFOPLIST_KEY_UIApplicationSupportsIndirectInputEvents = YES;
				INFOPLIST_KEY_UILaunchStoryboardName = LaunchScreen;
				INFOPLIST_KEY_UIMainStoryboardFile = Main;
				INFOPLIST_KEY_UISupportedInterfaceOrientations_iPad = "UIInterfaceOrientationPortrait UIInterfaceOrientationPortraitUpsideDown UIInterfaceOrientationLandscapeLeft UIInterfaceOrientationLandscapeRight";
				INFOPLIST_KEY_UISupportedInterfaceOrientations_iPhone = "UIInterfaceOrientationPortrait UIInterfaceOrientationLandscapeLeft UIInterfaceOrientationLandscapeRight";
				LD_RUNPATH_SEARCH_PATHS = (
					"$(inherited)",
					"@executable_path/Frameworks",
				);
				MARKETING_VERSION = 1.0;
				PRODUCT_BUNDLE_IDENTIFIER = com.swiftseries.POPTable;
				PRODUCT_NAME = "$(TARGET_NAME)";
				SWIFT_EMIT_LOC_STRINGS = YES;
				SWIFT_VERSION = 5.0;
				TARGETED_DEVICE_FAMILY = "1,2";
			};
			name = Release;
		};
		287DEB9927CC8CD6003618D7 /* Debug */ = {
			isa = XCBuildConfiguration;
			buildSettings = {
				ALWAYS_EMBED_SWIFT_STANDARD_LIBRARIES = YES;
				BUNDLE_LOADER = "$(TEST_HOST)";
				CODE_SIGN_STYLE = Automatic;
				CURRENT_PROJECT_VERSION = 1;
				GENERATE_INFOPLIST_FILE = YES;
				IPHONEOS_DEPLOYMENT_TARGET = 15.2;
				MARKETING_VERSION = 1.0;
				PRODUCT_BUNDLE_IDENTIFIER = com.swiftseries.POPTableTests;
				PRODUCT_NAME = "$(TARGET_NAME)";
				SWIFT_EMIT_LOC_STRINGS = NO;
				SWIFT_VERSION = 5.0;
				TARGETED_DEVICE_FAMILY = "1,2";
				TEST_HOST = "$(BUILT_PRODUCTS_DIR)/POPTable.app/POPTable";
			};
			name = Debug;
		};
		287DEB9A27CC8CD6003618D7 /* Release */ = {
			isa = XCBuildConfiguration;
			buildSettings = {
				ALWAYS_EMBED_SWIFT_STANDARD_LIBRARIES = YES;
				BUNDLE_LOADER = "$(TEST_HOST)";
				CODE_SIGN_STYLE = Automatic;
				CURRENT_PROJECT_VERSION = 1;
				GENERATE_INFOPLIST_FILE = YES;
				IPHONEOS_DEPLOYMENT_TARGET = 15.2;
				MARKETING_VERSION = 1.0;
				PRODUCT_BUNDLE_IDENTIFIER = com.swiftseries.POPTableTests;
				PRODUCT_NAME = "$(TARGET_NAME)";
				SWIFT_EMIT_LOC_STRINGS = NO;
				SWIFT_VERSION = 5.0;
				TARGETED_DEVICE_FAMILY = "1,2";
				TEST_HOST = "$(BUILT_PRODUCTS_DIR)/POPTable.app/POPTable";
			};
			name = Release;
		};
		287DEB9C27CC8CD6003618D7 /* Debug */ = {
			isa = XCBuildConfiguration;
			buildSettings = {
				ALWAYS_EMBED_SWIFT_STANDARD_LIBRARIES = YES;
				CODE_SIGN_STYLE = Automatic;
				CURRENT_PROJECT_VERSION = 1;
				GENERATE_INFOPLIST_FILE = YES;
				MARKETING_VERSION = 1.0;
				PRODUCT_BUNDLE_IDENTIFIER = com.swiftseries.POPTableUITests;
				PRODUCT_NAME = "$(TARGET_NAME)";
				SWIFT_EMIT_LOC_STRINGS = NO;
				SWIFT_VERSION = 5.0;
				TARGETED_DEVICE_FAMILY = "1,2";
				TEST_TARGET_NAME = POPTable;
			};
			name = Debug;
		};
		287DEB9D27CC8CD6003618D7 /* Release */ = {
			isa = XCBuildConfiguration;
			buildSettings = {
				ALWAYS_EMBED_SWIFT_STANDARD_LIBRARIES = YES;
				CODE_SIGN_STYLE = Automatic;
				CURRENT_PROJECT_VERSION = 1;
				GENERATE_INFOPLIST_FILE = YES;
				MARKETING_VERSION = 1.0;
				PRODUCT_BUNDLE_IDENTIFIER = com.swiftseries.POPTableUITests;
				PRODUCT_NAME = "$(TARGET_NAME)";
				SWIFT_EMIT_LOC_STRINGS = NO;
				SWIFT_VERSION = 5.0;
				TARGETED_DEVICE_FAMILY = "1,2";
				TEST_TARGET_NAME = POPTable;
			};
			name = Release;
		};
/* End XCBuildConfiguration section */

/* Begin XCConfigurationList section */
		287DEB6627CC8CD4003618D7 /* Build configuration list for PBXProject "POPTable" */ = {
			isa = XCConfigurationList;
			buildConfigurations = (
				287DEB9327CC8CD6003618D7 /* Debug */,
				287DEB9427CC8CD6003618D7 /* Release */,
			);
			defaultConfigurationIsVisible = 0;
			defaultConfigurationName = Release;
		};
		287DEB9527CC8CD6003618D7 /* Build configuration list for PBXNativeTarget "POPTable" */ = {
			isa = XCConfigurationList;
			buildConfigurations = (
				287DEB9627CC8CD6003618D7 /* Debug */,
				287DEB9727CC8CD6003618D7 /* Release */,
			);
			defaultConfigurationIsVisible = 0;
			defaultConfigurationName = Release;
		};
		287DEB9827CC8CD6003618D7 /* Build configuration list for PBXNativeTarget "POPTableTests" */ = {
			isa = XCConfigurationList;
			buildConfigurations = (
				287DEB9927CC8CD6003618D7 /* Debug */,
				287DEB9A27CC8CD6003618D7 /* Release */,
			);
			defaultConfigurationIsVisible = 0;
			defaultConfigurationName = Release;
		};
		287DEB9B27CC8CD6003618D7 /* Build configuration list for PBXNativeTarget "POPTableUITests" */ = {
			isa = XCConfigurationList;
			buildConfigurations = (
				287DEB9C27CC8CD6003618D7 /* Debug */,
				287DEB9D27CC8CD6003618D7 /* Release */,
			);
			defaultConfigurationIsVisible = 0;
			defaultConfigurationName = Release;
		};
/* End XCConfigurationList section */
	};
	rootObject = 287DEB6327CC8CD4003618D7 /* Project object */;
}
