// !$*UTF8*$!
{
	archiveVersion = 1;
	classes = {
	};
	objectVersion = 55;
	objects = {

/* Begin PBXBuildFile section */
		2885A35627CDEB1600377409 /* AppDelegate.swift in Sources */ = {isa = PBXBuildFile; fileRef = 2885A35527CDEB1600377409 /* AppDelegate.swift */; };
		2885A35827CDEB1600377409 /* SceneDelegate.swift in Sources */ = {isa = PBXBuildFile; fileRef = 2885A35727CDEB1600377409 /* SceneDelegate.swift */; };
		2885A35A27CDEB1600377409 /* ViewController.swift in Sources */ = {isa = PBXBuildFile; fileRef = 2885A35927CDEB1600377409 /* ViewController.swift */; };
		2885A35D27CDEB1600377409 /* Main.storyboard in Resources */ = {isa = PBXBuildFile; fileRef = 2885A35B27CDEB1600377409 /* Main.storyboard */; };
		2885A35F27CDEB1700377409 /* Assets.xcassets in Resources */ = {isa = PBXBuildFile; fileRef = 2885A35E27CDEB1700377409 /* Assets.xcassets */; };
		2885A36227CDEB1700377409 /* LaunchScreen.storyboard in Resources */ = {isa = PBXBuildFile; fileRef = 2885A36027CDEB1700377409 /* LaunchScreen.storyboard */; };
		2885A36D27CDEB1700377409 /* GenericegTests.swift in Sources */ = {isa = PBXBuildFile; fileRef = 2885A36C27CDEB1700377409 /* GenericegTests.swift */; };
		2885A37727CDEB1700377409 /* GenericegUITests.swift in Sources */ = {isa = PBXBuildFile; fileRef = 2885A37627CDEB1700377409 /* GenericegUITests.swift */; };
		2885A37927CDEB1700377409 /* GenericegUITestsLaunchTests.swift in Sources */ = {isa = PBXBuildFile; fileRef = 2885A37827CDEB1700377409 /* GenericegUITestsLaunchTests.swift */; };
/* End PBXBuildFile section */

/* Begin PBXContainerItemProxy section */
		2885A36927CDEB1700377409 /* PBXContainerItemProxy */ = {
			isa = PBXContainerItemProxy;
			containerPortal = 2885A34A27CDEB1600377409 /* Project object */;
			proxyType = 1;
			remoteGlobalIDString = 2885A35127CDEB1600377409;
			remoteInfo = Genericeg;
		};
		2885A37327CDEB1700377409 /* PBXContainerItemProxy */ = {
			isa = PBXContainerItemProxy;
			containerPortal = 2885A34A27CDEB1600377409 /* Project object */;
			proxyType = 1;
			remoteGlobalIDString = 2885A35127CDEB1600377409;
			remoteInfo = Genericeg;
		};
/* End PBXContainerItemProxy section */

/* Begin PBXFileReference section */
		2885A35227CDEB1600377409 /* Genericeg.app */ = {isa = PBXFileReference; explicitFileType = wrapper.application; includeInIndex = 0; path = Genericeg.app; sourceTree = BUILT_PRODUCTS_DIR; };
		2885A35527CDEB1600377409 /* AppDelegate.swift */ = {isa = PBXFileReference; lastKnownFileType = sourcecode.swift; path = AppDelegate.swift; sourceTree = "<group>"; };
		2885A35727CDEB1600377409 /* SceneDelegate.swift */ = {isa = PBXFileReference; lastKnownFileType = sourcecode.swift; path = SceneDelegate.swift; sourceTree = "<group>"; };
		2885A35927CDEB1600377409 /* ViewController.swift */ = {isa = PBXFileReference; lastKnownFileType = sourcecode.swift; path = ViewController.swift; sourceTree = "<group>"; };
		2885A35C27CDEB1600377409 /* Base */ = {isa = PBXFileReference; lastKnownFileType = file.storyboard; name = Base; path = Base.lproj/Main.storyboard; sourceTree = "<group>"; };
		2885A35E27CDEB1700377409 /* Assets.xcassets */ = {isa = PBXFileReference; lastKnownFileType = folder.assetcatalog; path = Assets.xcassets; sourceTree = "<group>"; };
		2885A36127CDEB1700377409 /* Base */ = {isa = PBXFileReference; lastKnownFileType = file.storyboard; name = Base; path = Base.lproj/LaunchScreen.storyboard; sourceTree = "<group>"; };
		2885A36327CDEB1700377409 /* Info.plist */ = {isa = PBXFileReference; lastKnownFileType = text.plist.xml; path = Info.plist; sourceTree = "<group>"; };
		2885A36827CDEB1700377409 /* GenericegTests.xctest */ = {isa = PBXFileReference; explicitFileType = wrapper.cfbundle; includeInIndex = 0; path = GenericegTests.xctest; sourceTree = BUILT_PRODUCTS_DIR; };
		2885A36C27CDEB1700377409 /* GenericegTests.swift */ = {isa = PBXFileReference; lastKnownFileType = sourcecode.swift; path = GenericegTests.swift; sourceTree = "<group>"; };
		2885A37227CDEB1700377409 /* GenericegUITests.xctest */ = {isa = PBXFileReference; explicitFileType = wrapper.cfbundle; includeInIndex = 0; path = GenericegUITests.xctest; sourceTree = BUILT_PRODUCTS_DIR; };
		2885A37627CDEB1700377409 /* GenericegUITests.swift */ = {isa = PBXFileReference; lastKnownFileType = sourcecode.swift; path = GenericegUITests.swift; sourceTree = "<group>"; };
		2885A37827CDEB1700377409 /* GenericegUITestsLaunchTests.swift */ = {isa = PBXFileReference; lastKnownFileType = sourcecode.swift; path = GenericegUITestsLaunchTests.swift; sourceTree = "<group>"; };
/* End PBXFileReference section */

/* Begin PBXFrameworksBuildPhase section */
		2885A34F27CDEB1600377409 /* Frameworks */ = {
			isa = PBXFrameworksBuildPhase;
			buildActionMask = 2147483647;
			files = (
			);
			runOnlyForDeploymentPostprocessing = 0;
		};
		2885A36527CDEB1700377409 /* Frameworks */ = {
			isa = PBXFrameworksBuildPhase;
			buildActionMask = 2147483647;
			files = (
			);
			runOnlyForDeploymentPostprocessing = 0;
		};
		2885A36F27CDEB1700377409 /* Frameworks */ = {
			isa = PBXFrameworksBuildPhase;
			buildActionMask = 2147483647;
			files = (
			);
			runOnlyForDeploymentPostprocessing = 0;
		};
/* End PBXFrameworksBuildPhase section */

/* Begin PBXGroup section */
		2885A34927CDEB1600377409 = {
			isa = PBXGroup;
			children = (
				2885A35427CDEB1600377409 /* Genericeg */,
				2885A36B27CDEB1700377409 /* GenericegTests */,
				2885A37527CDEB1700377409 /* GenericegUITests */,
				2885A35327CDEB1600377409 /* Products */,
			);
			sourceTree = "<group>";
		};
		2885A35327CDEB1600377409 /* Products */ = {
			isa = PBXGroup;
			children = (
				2885A35227CDEB1600377409 /* Genericeg.app */,
				2885A36827CDEB1700377409 /* GenericegTests.xctest */,
				2885A37227CDEB1700377409 /* GenericegUITests.xctest */,
			);
			name = Products;
			sourceTree = "<group>";
		};
		2885A35427CDEB1600377409 /* Genericeg */ = {
			isa = PBXGroup;
			children = (
				2885A35527CDEB1600377409 /* AppDelegate.swift */,
				2885A35727CDEB1600377409 /* SceneDelegate.swift */,
				2885A35927CDEB1600377409 /* ViewController.swift */,
				2885A35B27CDEB1600377409 /* Main.storyboard */,
				2885A35E27CDEB1700377409 /* Assets.xcassets */,
				2885A36027CDEB1700377409 /* LaunchScreen.storyboard */,
				2885A36327CDEB1700377409 /* Info.plist */,
			);
			path = Genericeg;
			sourceTree = "<group>";
		};
		2885A36B27CDEB1700377409 /* GenericegTests */ = {
			isa = PBXGroup;
			children = (
				2885A36C27CDEB1700377409 /* GenericegTests.swift */,
			);
			path = GenericegTests;
			sourceTree = "<group>";
		};
		2885A37527CDEB1700377409 /* GenericegUITests */ = {
			isa = PBXGroup;
			children = (
				2885A37627CDEB1700377409 /* GenericegUITests.swift */,
				2885A37827CDEB1700377409 /* GenericegUITestsLaunchTests.swift */,
			);
			path = GenericegUITests;
			sourceTree = "<group>";
		};
/* End PBXGroup section */

/* Begin PBXNativeTarget section */
		2885A35127CDEB1600377409 /* Genericeg */ = {
			isa = PBXNativeTarget;
			buildConfigurationList = 2885A37C27CDEB1700377409 /* Build configuration list for PBXNativeTarget "Genericeg" */;
			buildPhases = (
				2885A34E27CDEB1600377409 /* Sources */,
				2885A34F27CDEB1600377409 /* Frameworks */,
				2885A35027CDEB1600377409 /* Resources */,
			);
			buildRules = (
			);
			dependencies = (
			);
			name = Genericeg;
			productName = Genericeg;
			productReference = 2885A35227CDEB1600377409 /* Genericeg.app */;
			productType = "com.apple.product-type.application";
		};
		2885A36727CDEB1700377409 /* GenericegTests */ = {
			isa = PBXNativeTarget;
			buildConfigurationList = 2885A37F27CDEB1700377409 /* Build configuration list for PBXNativeTarget "GenericegTests" */;
			buildPhases = (
				2885A36427CDEB1700377409 /* Sources */,
				2885A36527CDEB1700377409 /* Frameworks */,
				2885A36627CDEB1700377409 /* Resources */,
			);
			buildRules = (
			);
			dependencies = (
				2885A36A27CDEB1700377409 /* PBXTargetDependency */,
			);
			name = GenericegTests;
			productName = GenericegTests;
			productReference = 2885A36827CDEB1700377409 /* GenericegTests.xctest */;
			productType = "com.apple.product-type.bundle.unit-test";
		};
		2885A37127CDEB1700377409 /* GenericegUITests */ = {
			isa = PBXNativeTarget;
			buildConfigurationList = 2885A38227CDEB1700377409 /* Build configuration list for PBXNativeTarget "GenericegUITests" */;
			buildPhases = (
				2885A36E27CDEB1700377409 /* Sources */,
				2885A36F27CDEB1700377409 /* Frameworks */,
				2885A37027CDEB1700377409 /* Resources */,
			);
			buildRules = (
			);
			dependencies = (
				2885A37427CDEB1700377409 /* PBXTargetDependency */,
			);
			name = GenericegUITests;
			productName = GenericegUITests;
			productReference = 2885A37227CDEB1700377409 /* GenericegUITests.xctest */;
			productType = "com.apple.product-type.bundle.ui-testing";
		};
/* End PBXNativeTarget section */

/* Begin PBXProject section */
		2885A34A27CDEB1600377409 /* Project object */ = {
			isa = PBXProject;
			attributes = {
				BuildIndependentTargetsInParallel = 1;
				LastSwiftUpdateCheck = 1320;
				LastUpgradeCheck = 1320;
				TargetAttributes = {
					2885A35127CDEB1600377409 = {
						CreatedOnToolsVersion = 13.2.1;
					};
					2885A36727CDEB1700377409 = {
						CreatedOnToolsVersion = 13.2.1;
						TestTargetID = 2885A35127CDEB1600377409;
					};
					2885A37127CDEB1700377409 = {
						CreatedOnToolsVersion = 13.2.1;
						TestTargetID = 2885A35127CDEB1600377409;
					};
				};
			};
			buildConfigurationList = 2885A34D27CDEB1600377409 /* Build configuration list for PBXProject "Genericeg" */;
			compatibilityVersion = "Xcode 13.0";
			developmentRegion = en;
			hasScannedForEncodings = 0;
			knownRegions = (
				en,
				Base,
			);
			mainGroup = 2885A34927CDEB1600377409;
			productRefGroup = 2885A35327CDEB1600377409 /* Products */;
			projectDirPath = "";
			projectRoot = "";
			targets = (
				2885A35127CDEB1600377409 /* Genericeg */,
				2885A36727CDEB1700377409 /* GenericegTests */,
				2885A37127CDEB1700377409 /* GenericegUITests */,
			);
		};
/* End PBXProject section */

/* Begin PBXResourcesBuildPhase section */
		2885A35027CDEB1600377409 /* Resources */ = {
			isa = PBXResourcesBuildPhase;
			buildActionMask = 2147483647;
			files = (
				2885A36227CDEB1700377409 /* LaunchScreen.storyboard in Resources */,
				2885A35F27CDEB1700377409 /* Assets.xcassets in Resources */,
				2885A35D27CDEB1600377409 /* Main.storyboard in Resources */,
			);
			runOnlyForDeploymentPostprocessing = 0;
		};
		2885A36627CDEB1700377409 /* Resources */ = {
			isa = PBXResourcesBuildPhase;
			buildActionMask = 2147483647;
			files = (
			);
			runOnlyForDeploymentPostprocessing = 0;
		};
		2885A37027CDEB1700377409 /* Resources */ = {
			isa = PBXResourcesBuildPhase;
			buildActionMask = 2147483647;
			files = (
			);
			runOnlyForDeploymentPostprocessing = 0;
		};
/* End PBXResourcesBuildPhase section */

/* Begin PBXSourcesBuildPhase section */
		2885A34E27CDEB1600377409 /* Sources */ = {
			isa = PBXSourcesBuildPhase;
			buildActionMask = 2147483647;
			files = (
				2885A35A27CDEB1600377409 /* ViewController.swift in Sources */,
				2885A35627CDEB1600377409 /* AppDelegate.swift in Sources */,
				2885A35827CDEB1600377409 /* SceneDelegate.swift in Sources */,
			);
			runOnlyForDeploymentPostprocessing = 0;
		};
		2885A36427CDEB1700377409 /* Sources */ = {
			isa = PBXSourcesBuildPhase;
			buildActionMask = 2147483647;
			files = (
				2885A36D27CDEB1700377409 /* GenericegTests.swift in Sources */,
			);
			runOnlyForDeploymentPostprocessing = 0;
		};
		2885A36E27CDEB1700377409 /* Sources */ = {
			isa = PBXSourcesBuildPhase;
			buildActionMask = 2147483647;
			files = (
				2885A37927CDEB1700377409 /* GenericegUITestsLaunchTests.swift in Sources */,
				2885A37727CDEB1700377409 /* GenericegUITests.swift in Sources */,
			);
			runOnlyForDeploymentPostprocessing = 0;
		};
/* End PBXSourcesBuildPhase section */

/* Begin PBXTargetDependency section */
		2885A36A27CDEB1700377409 /* PBXTargetDependency */ = {
			isa = PBXTargetDependency;
			target = 2885A35127CDEB1600377409 /* Genericeg */;
			targetProxy = 2885A36927CDEB1700377409 /* PBXContainerItemProxy */;
		};
		2885A37427CDEB1700377409 /* PBXTargetDependency */ = {
			isa = PBXTargetDependency;
			target = 2885A35127CDEB1600377409 /* Genericeg */;
			targetProxy = 2885A37327CDEB1700377409 /* PBXContainerItemProxy */;
		};
/* End PBXTargetDependency section */

/* Begin PBXVariantGroup section */
		2885A35B27CDEB1600377409 /* Main.storyboard */ = {
			isa = PBXVariantGroup;
			children = (
				2885A35C27CDEB1600377409 /* Base */,
			);
			name = Main.storyboard;
			sourceTree = "<group>";
		};
		2885A36027CDEB1700377409 /* LaunchScreen.storyboard */ = {
			isa = PBXVariantGroup;
			children = (
				2885A36127CDEB1700377409 /* Base */,
			);
			name = LaunchScreen.storyboard;
			sourceTree = "<group>";
		};
/* End PBXVariantGroup section */

/* Begin XCBuildConfiguration section */
		2885A37A27CDEB1700377409 /* Debug */ = {
			isa = XCBuildConfiguration;
			buildSettings = {
				ALWAYS_SEARCH_USER_PATHS = NO;
				CLANG_ANALYZER_NONNULL = YES;
				CLANG_ANALYZER_NUMBER_OBJECT_CONVERSION = YES_AGGRESSIVE;
				CLANG_CXX_LANGUAGE_STANDARD = "gnu++17";
				CLANG_CXX_LIBRARY = "libc++";
				CLANG_ENABLE_MODULES = YES;
				CLANG_ENABLE_OBJC_ARC = YES;
				CLANG_ENABLE_OBJC_WEAK = YES;
				CLANG_WARN_BLOCK_CAPTURE_AUTORELEASING = YES;
				CLANG_WARN_BOOL_CONVERSION = YES;
				CLANG_WARN_COMMA = YES;
				CLANG_WARN_CONSTANT_CONVERSION = YES;
				CLANG_WARN_DEPRECATED_OBJC_IMPLEMENTATIONS = YES;
				CLANG_WARN_DIRECT_OBJC_ISA_USAGE = YES_ERROR;
				CLANG_WARN_DOCUMENTATION_COMMENTS = YES;
				CLANG_WARN_EMPTY_BODY = YES;
				CLANG_WARN_ENUM_CONVERSION = YES;
				CLANG_WARN_INFINITE_RECURSION = YES;
				CLANG_WARN_INT_CONVERSION = YES;
				CLANG_WARN_NON_LITERAL_NULL_CONVERSION = YES;
				CLANG_WARN_OBJC_IMPLICIT_RETAIN_SELF = YES;
				CLANG_WARN_OBJC_LITERAL_CONVERSION = YES;
				CLANG_WARN_OBJC_ROOT_CLASS = YES_ERROR;
				CLANG_WARN_QUOTED_INCLUDE_IN_FRAMEWORK_HEADER = YES;
				CLANG_WARN_RANGE_LOOP_ANALYSIS = YES;
				CLANG_WARN_STRICT_PROTOTYPES = YES;
				CLANG_WARN_SUSPICIOUS_MOVE = YES;
				CLANG_WARN_UNGUARDED_AVAILABILITY = YES_AGGRESSIVE;
				CLANG_WARN_UNREACHABLE_CODE = YES;
				CLANG_WARN__DUPLICATE_METHOD_MATCH = YES;
				COPY_PHASE_STRIP = NO;
				DEBUG_INFORMATION_FORMAT = dwarf;
				ENABLE_STRICT_OBJC_MSGSEND = YES;
				ENABLE_TESTABILITY = YES;
				GCC_C_LANGUAGE_STANDARD = gnu11;
				GCC_DYNAMIC_NO_PIC = NO;
				GCC_NO_COMMON_BLOCKS = YES;
				GCC_OPTIMIZATION_LEVEL = 0;
				GCC_PREPROCESSOR_DEFINITIONS = (
					"DEBUG=1",
					"$(inherited)",
				);
				GCC_WARN_64_TO_32_BIT_CONVERSION = YES;
				GCC_WARN_ABOUT_RETURN_TYPE = YES_ERROR;
				GCC_WARN_UNDECLARED_SELECTOR = YES;
				GCC_WARN_UNINITIALIZED_AUTOS = YES_AGGRESSIVE;
				GCC_WARN_UNUSED_FUNCTION = YES;
				GCC_WARN_UNUSED_VARIABLE = YES;
				IPHONEOS_DEPLOYMENT_TARGET = 15.2;
				MTL_ENABLE_DEBUG_INFO = INCLUDE_SOURCE;
				MTL_FAST_MATH = YES;
				ONLY_ACTIVE_ARCH = YES;
				SDKROOT = iphoneos;
				SWIFT_ACTIVE_COMPILATION_CONDITIONS = DEBUG;
				SWIFT_OPTIMIZATION_LEVEL = "-Onone";
			};
			name = Debug;
		};
		2885A37B27CDEB1700377409 /* Release */ = {
			isa = XCBuildConfiguration;
			buildSettings = {
				ALWAYS_SEARCH_USER_PATHS = NO;
				CLANG_ANALYZER_NONNULL = YES;
				CLANG_ANALYZER_NUMBER_OBJECT_CONVERSION = YES_AGGRESSIVE;
				CLANG_CXX_LANGUAGE_STANDARD = "gnu++17";
				CLANG_CXX_LIBRARY = "libc++";
				CLANG_ENABLE_MODULES = YES;
				CLANG_ENABLE_OBJC_ARC = YES;
				CLANG_ENABLE_OBJC_WEAK = YES;
				CLANG_WARN_BLOCK_CAPTURE_AUTORELEASING = YES;
				CLANG_WARN_BOOL_CONVERSION = YES;
				CLANG_WARN_COMMA = YES;
				CLANG_WARN_CONSTANT_CONVERSION = YES;
				CLANG_WARN_DEPRECATED_OBJC_IMPLEMENTATIONS = YES;
				CLANG_WARN_DIRECT_OBJC_ISA_USAGE = YES_ERROR;
				CLANG_WARN_DOCUMENTATION_COMMENTS = YES;
				CLANG_WARN_EMPTY_BODY = YES;
				CLANG_WARN_ENUM_CONVERSION = YES;
				CLANG_WARN_INFINITE_RECURSION = YES;
				CLANG_WARN_INT_CONVERSION = YES;
				CLANG_WARN_NON_LITERAL_NULL_CONVERSION = YES;
				CLANG_WARN_OBJC_IMPLICIT_RETAIN_SELF = YES;
				CLANG_WARN_OBJC_LITERAL_CONVERSION = YES;
				CLANG_WARN_OBJC_ROOT_CLASS = YES_ERROR;
				CLANG_WARN_QUOTED_INCLUDE_IN_FRAMEWORK_HEADER = YES;
				CLANG_WARN_RANGE_LOOP_ANALYSIS = YES;
				CLANG_WARN_STRICT_PROTOTYPES = YES;
				CLANG_WARN_SUSPICIOUS_MOVE = YES;
				CLANG_WARN_UNGUARDED_AVAILABILITY = YES_AGGRESSIVE;
				CLANG_WARN_UNREACHABLE_CODE = YES;
				CLANG_WARN__DUPLICATE_METHOD_MATCH = YES;
				COPY_PHASE_STRIP = NO;
				DEBUG_INFORMATION_FORMAT = "dwarf-with-dsym";
				ENABLE_NS_ASSERTIONS = NO;
				ENABLE_STRICT_OBJC_MSGSEND = YES;
				GCC_C_LANGUAGE_STANDARD = gnu11;
				GCC_NO_COMMON_BLOCKS = YES;
				GCC_WARN_64_TO_32_BIT_CONVERSION = YES;
				GCC_WARN_ABOUT_RETURN_TYPE = YES_ERROR;
				GCC_WARN_UNDECLARED_SELECTOR = YES;
				GCC_WARN_UNINITIALIZED_AUTOS = YES_AGGRESSIVE;
				GCC_WARN_UNUSED_FUNCTION = YES;
				GCC_WARN_UNUSED_VARIABLE = YES;
				IPHONEOS_DEPLOYMENT_TARGET = 15.2;
				MTL_ENABLE_DEBUG_INFO = NO;
				MTL_FAST_MATH = YES;
				SDKROOT = iphoneos;
				SWIFT_COMPILATION_MODE = wholemodule;
				SWIFT_OPTIMIZATION_LEVEL = "-O";
				VALIDATE_PRODUCT = YES;
			};
			name = Release;
		};
		2885A37D27CDEB1700377409 /* Debug */ = {
			isa = XCBuildConfiguration;
			buildSettings = {
				ASSETCATALOG_COMPILER_APPICON_NAME = AppIcon;
				ASSETCATALOG_COMPILER_GLOBAL_ACCENT_COLOR_NAME = AccentColor;
				CODE_SIGN_STYLE = Automatic;
				CURRENT_PROJECT_VERSION = 1;
				GENERATE_INFOPLIST_FILE = YES;
				INFOPLIST_FILE = Genericeg/Info.plist;
				INFOPLIST_KEY_UIApplicationSupportsIndirectInputEvents = YES;
				INFOPLIST_KEY_UILaunchStoryboardName = LaunchScreen;
				INFOPLIST_KEY_UIMainStoryboardFile = Main;
				INFOPLIST_KEY_UISupportedInterfaceOrientations_iPad = "UIInterfaceOrientationPortrait UIInterfaceOrientationPortraitUpsideDown UIInterfaceOrientationLandscapeLeft UIInterfaceOrientationLandscapeRight";
				INFOPLIST_KEY_UISupportedInterfaceOrientations_iPhone = "UIInterfaceOrientationPortrait UIInterfaceOrientationLandscapeLeft UIInterfaceOrientationLandscapeRight";
				LD_RUNPATH_SEARCH_PATHS = (
					"$(inherited)",
					"@executable_path/Frameworks",
				);
				MARKETING_VERSION = 1.0;
				PRODUCT_BUNDLE_IDENTIFIER = com.swiftseries.Genericeg;
				PRODUCT_NAME = "$(TARGET_NAME)";
				SWIFT_EMIT_LOC_STRINGS = YES;
				SWIFT_VERSION = 5.0;
				TARGETED_DEVICE_FAMILY = "1,2";
			};
			name = Debug;
		};
		2885A37E27CDEB1700377409 /* Release */ = {
			isa = XCBuildConfiguration;
			buildSettings = {
				ASSETCATALOG_COMPILER_APPICON_NAME = AppIcon;
				ASSETCATALOG_COMPILER_GLOBAL_ACCENT_COLOR_NAME = AccentColor;
				CODE_SIGN_STYLE = Automatic;
				CURRENT_PROJECT_VERSION = 1;
				GENERATE_INFOPLIST_FILE = YES;
				INFOPLIST_FILE = Genericeg/Info.plist;
				INFOPLIST_KEY_UIApplicationSupportsIndirectInputEvents = YES;
				INFOPLIST_KEY_UILaunchStoryboardName = LaunchScreen;
				INFOPLIST_KEY_UIMainStoryboardFile = Main;
				INFOPLIST_KEY_UISupportedInterfaceOrientations_iPad = "UIInterfaceOrientationPortrait UIInterfaceOrientationPortraitUpsideDown UIInterfaceOrientationLandscapeLeft UIInterfaceOrientationLandscapeRight";
				INFOPLIST_KEY_UISupportedInterfaceOrientations_iPhone = "UIInterfaceOrientationPortrait UIInterfaceOrientationLandscapeLeft UIInterfaceOrientationLandscapeRight";
				LD_RUNPATH_SEARCH_PATHS = (
					"$(inherited)",
					"@executable_path/Frameworks",
				);
				MARKETING_VERSION = 1.0;
				PRODUCT_BUNDLE_IDENTIFIER = com.swiftseries.Genericeg;
				PRODUCT_NAME = "$(TARGET_NAME)";
				SWIFT_EMIT_LOC_STRINGS = YES;
				SWIFT_VERSION = 5.0;
				TARGETED_DEVICE_FAMILY = "1,2";
			};
			name = Release;
		};
		2885A38027CDEB1700377409 /* Debug */ = {
			isa = XCBuildConfiguration;
			buildSettings = {
				ALWAYS_EMBED_SWIFT_STANDARD_LIBRARIES = YES;
				BUNDLE_LOADER = "$(TEST_HOST)";
				CODE_SIGN_STYLE = Automatic;
				CURRENT_PROJECT_VERSION = 1;
				GENERATE_INFOPLIST_FILE = YES;
				IPHONEOS_DEPLOYMENT_TARGET = 15.2;
				MARKETING_VERSION = 1.0;
				PRODUCT_BUNDLE_IDENTIFIER = com.swiftseries.GenericegTests;
				PRODUCT_NAME = "$(TARGET_NAME)";
				SWIFT_EMIT_LOC_STRINGS = NO;
				SWIFT_VERSION = 5.0;
				TARGETED_DEVICE_FAMILY = "1,2";
				TEST_HOST = "$(BUILT_PRODUCTS_DIR)/Genericeg.app/Genericeg";
			};
			name = Debug;
		};
		2885A38127CDEB1700377409 /* Release */ = {
			isa = XCBuildConfiguration;
			buildSettings = {
				ALWAYS_EMBED_SWIFT_STANDARD_LIBRARIES = YES;
				BUNDLE_LOADER = "$(TEST_HOST)";
				CODE_SIGN_STYLE = Automatic;
				CURRENT_PROJECT_VERSION = 1;
				GENERATE_INFOPLIST_FILE = YES;
				IPHONEOS_DEPLOYMENT_TARGET = 15.2;
				MARKETING_VERSION = 1.0;
				PRODUCT_BUNDLE_IDENTIFIER = com.swiftseries.GenericegTests;
				PRODUCT_NAME = "$(TARGET_NAME)";
				SWIFT_EMIT_LOC_STRINGS = NO;
				SWIFT_VERSION = 5.0;
				TARGETED_DEVICE_FAMILY = "1,2";
				TEST_HOST = "$(BUILT_PRODUCTS_DIR)/Genericeg.app/Genericeg";
			};
			name = Release;
		};
		2885A38327CDEB1700377409 /* Debug */ = {
			isa = XCBuildConfiguration;
			buildSettings = {
				ALWAYS_EMBED_SWIFT_STANDARD_LIBRARIES = YES;
				CODE_SIGN_STYLE = Automatic;
				CURRENT_PROJECT_VERSION = 1;
				GENERATE_INFOPLIST_FILE = YES;
				MARKETING_VERSION = 1.0;
				PRODUCT_BUNDLE_IDENTIFIER = com.swiftseries.GenericegUITests;
				PRODUCT_NAME = "$(TARGET_NAME)";
				SWIFT_EMIT_LOC_STRINGS = NO;
				SWIFT_VERSION = 5.0;
				TARGETED_DEVICE_FAMILY = "1,2";
				TEST_TARGET_NAME = Genericeg;
			};
			name = Debug;
		};
		2885A38427CDEB1700377409 /* Release */ = {
			isa = XCBuildConfiguration;
			buildSettings = {
				ALWAYS_EMBED_SWIFT_STANDARD_LIBRARIES = YES;
				CODE_SIGN_STYLE = Automatic;
				CURRENT_PROJECT_VERSION = 1;
				GENERATE_INFOPLIST_FILE = YES;
				MARKETING_VERSION = 1.0;
				PRODUCT_BUNDLE_IDENTIFIER = com.swiftseries.GenericegUITests;
				PRODUCT_NAME = "$(TARGET_NAME)";
				SWIFT_EMIT_LOC_STRINGS = NO;
				SWIFT_VERSION = 5.0;
				TARGETED_DEVICE_FAMILY = "1,2";
				TEST_TARGET_NAME = Genericeg;
			};
			name = Release;
		};
/* End XCBuildConfiguration section */

/* Begin XCConfigurationList section */
		2885A34D27CDEB1600377409 /* Build configuration list for PBXProject "Genericeg" */ = {
			isa = XCConfigurationList;
			buildConfigurations = (
				2885A37A27CDEB1700377409 /* Debug */,
				2885A37B27CDEB1700377409 /* Release */,
			);
			defaultConfigurationIsVisible = 0;
			defaultConfigurationName = Release;
		};
		2885A37C27CDEB1700377409 /* Build configuration list for PBXNativeTarget "Genericeg" */ = {
			isa = XCConfigurationList;
			buildConfigurations = (
				2885A37D27CDEB1700377409 /* Debug */,
				2885A37E27CDEB1700377409 /* Release */,
			);
			defaultConfigurationIsVisible = 0;
			defaultConfigurationName = Release;
		};
		2885A37F27CDEB1700377409 /* Build configuration list for PBXNativeTarget "GenericegTests" */ = {
			isa = XCConfigurationList;
			buildConfigurations = (
				2885A38027CDEB1700377409 /* Debug */,
				2885A38127CDEB1700377409 /* Release */,
			);
			defaultConfigurationIsVisible = 0;
			defaultConfigurationName = Release;
		};
		2885A38227CDEB1700377409 /* Build configuration list for PBXNativeTarget "GenericegUITests" */ = {
			isa = XCConfigurationList;
			buildConfigurations = (
				2885A38327CDEB1700377409 /* Debug */,
				2885A38427CDEB1700377409 /* Release */,
			);
			defaultConfigurationIsVisible = 0;
			defaultConfigurationName = Release;
		};
/* End XCConfigurationList section */
	};
	rootObject = 2885A34A27CDEB1600377409 /* Project object */;
}
